Microsoft Visual Studio Solution File, Format Version 11.00
# Visual Studio 2010
Project("{F184B08F-C81C-45F6-A57F-5ABD9991F28F}") = "MvcApp_Q398100", "MvcApp_Q398100\MvcApp_Q398100.vbproj", "{F1A65184-5836-4BD3-A9C2-EA78AE420844}"
EndProject
Global
	GlobalSection(SolutionConfigurationPlatforms) = preSolution
		Debug|Any CPU = Debug|Any CPU
		Release|Any CPU = Release|Any CPU
	EndGlobalSection
	GlobalSection(ProjectConfigurationPlatforms) = postSolution
		{F1A65184-5836-4BD3-A9C2-EA78AE420844}.Debug|Any CPU.ActiveCfg = Debug|Any CPU
		{F1A65184-5836-4BD3-A9C2-EA78AE420844}.Debug|Any CPU.Build.0 = Debug|Any CPU
		{F1A65184-5836-4BD3-A9C2-EA78AE420844}.Release|Any CPU.ActiveCfg = Release|Any CPU
		{F1A65184-5836-4BD3-A9C2-EA78AE420844}.Release|Any CPU.Build.0 = Release|Any CPU
	EndGlobalSection
	GlobalSection(SolutionProperties) = preSolution
		HideSolutionNode = FALSE
	EndGlobalSection
EndGlobal
